lockfileVersion: '9.0'

settings:
  autoInstallPeers: true
  excludeLinksFromLockfile: false

importers:

  .:
    dependencies:
      bl-css:
        specifier: ^0.10.1
        version: 0.10.1

packages:

  bl-css@0.10.1:
    resolution: {integrity: sha512-RNI+ZJEKD16tIeWOWxvJlb7pcRsJCYfrolh2WJvi1nfoKMUPQ9X13KoABsQKrfpWgUJuigBTWm+ITsMCnay++Q==}
    hasBin: true

snapshots:

  bl-css@0.10.1: {}
